
Microsoft Visual Studio Solution File, Format Version 12.00
# Visual Studio Version 17
VisualStudioVersion = 17.2.32519.379
MinimumVisualStudioVersion = 10.0.40219.1
Project("{FAE04EC0-301F-11D3-BF4B-00C04F79EFBC}") = "eTickets", "eTickets\eTickets.csproj", "{5781C326-6026-496F-9D4B-1EF2D78538D3}"
EndProject
Global
	GlobalSection(SolutionConfigurationPlatforms) = preSolution
		Debug|Any CPU = Debug|Any CPU
		Release|Any CPU = Release|Any CPU
	EndGlobalSection
	GlobalSection(ProjectConfigurationPlatforms) = postSolution
		{5781C326-6026-496F-9D4B-1EF2D78538D3}.Debug|Any CPU.ActiveCfg = Debug|Any CPU
		{5781C326-6026-496F-9D4B-1EF2D78538D3}.Debug|Any CPU.Build.0 = Debug|Any CPU
		{5781C326-6026-496F-9D4B-1EF2D78538D3}.Release|Any CPU.ActiveCfg = Release|Any CPU
		{5781C326-6026-496F-9D4B-1EF2D78538D3}.Release|Any CPU.Build.0 = Release|Any CPU
	EndGlobalSection
	GlobalSection(SolutionProperties) = preSolution
		HideSolutionNode = FALSE
	EndGlobalSection
	GlobalSection(ExtensibilityGlobals) = postSolution
		SolutionGuid = {6E754217-B94D-4509-A7AC-3C6091021510}
	EndGlobalSection
EndGlobal
